
Microsoft Visual Studio Solution File, Format Version 12.00
# Visual Studio Version 17
VisualStudioVersion = 17.14.36518.9 d17.14
MinimumVisualStudioVersion = 10.0.40219.1
Project("{FAE04EC0-301F-11D3-BF4B-00C04F79EFBC}") = "Lab5", "Lab5\Lab5.csproj", "{05C0C9FC-B640-4037-A754-CE7B13504206}"
EndProject
Global
	GlobalSection(SolutionConfigurationPlatforms) = preSolution
		Debug|Any CPU = Debug|Any CPU
		Release|Any CPU = Release|Any CPU
	EndGlobalSection
	GlobalSection(ProjectConfigurationPlatforms) = postSolution
		{05C0C9FC-B640-4037-A754-CE7B13504206}.Debug|Any CPU.ActiveCfg = Debug|Any CPU
		{05C0C9FC-B640-4037-A754-CE7B13504206}.Debug|Any CPU.Build.0 = Debug|Any CPU
		{05C0C9FC-B640-4037-A754-CE7B13504206}.Release|Any CPU.ActiveCfg = Release|Any CPU
		{05C0C9FC-B640-4037-A754-CE7B13504206}.Release|Any CPU.Build.0 = Release|Any CPU
	EndGlobalSection
	GlobalSection(SolutionProperties) = preSolution
		HideSolutionNode = FALSE
	EndGlobalSection
	GlobalSection(ExtensibilityGlobals) = postSolution
		SolutionGuid = {6E3952EF-B2AC-4B45-B445-D6820695B641}
	EndGlobalSection
EndGlobal
